// !$*UTF8*$!
{
	archiveVersion = 1;
	classes = {
	};
	objectVersion = 46;
	objects = {

/* Begin PBXBuildFile section */
		058877761C04849100FEE592 /* ShopTableViewCell.swift in Sources */ = {isa = PBXBuildFile; fileRef = 058877751C04849100FEE592 /* ShopTableViewCell.swift */; };
		058877781C048AE400FEE592 /* MenuViewController.swift in Sources */ = {isa = PBXBuildFile; fileRef = 058877771C048AE400FEE592 /* MenuViewController.swift */; };
		0588777A1C048B4500FEE592 /* MenuTableViewCell.swift in Sources */ = {isa = PBXBuildFile; fileRef = 058877791C048B4500FEE592 /* MenuTableViewCell.swift */; };
		0588777D1C048C4D00FEE592 /* Shop.swift in Sources */ = {isa = PBXBuildFile; fileRef = 0588777C1C048C4D00FEE592 /* Shop.swift */; };
		0588777F1C048D4A00FEE592 /* MenuItem.swift in Sources */ = {isa = PBXBuildFile; fileRef = 0588777E1C048D4A00FEE592 /* MenuItem.swift */; };
		058877811C0490FC00FEE592 /* FavoritesViewController.swift in Sources */ = {isa = PBXBuildFile; fileRef = 058877801C0490FC00FEE592 /* FavoritesViewController.swift */; };
		058877831C04912800FEE592 /* FavoritesTableViewCell.swift in Sources */ = {isa = PBXBuildFile; fileRef = 058877821C04912800FEE592 /* FavoritesTableViewCell.swift */; };
		058877891C04A4A200FEE592 /* MenuCustomizationViewController.swift in Sources */ = {isa = PBXBuildFile; fileRef = 058877881C04A4A200FEE592 /* MenuCustomizationViewController.swift */; };
		05FCED491C047C8B00482EA2 /* AppDelegate.swift in Sources */ = {isa = PBXBuildFile; fileRef = 05FCED481C047C8B00482EA2 /* AppDelegate.swift */; };
		05FCED4E1C047C8B00482EA2 /* Main.storyboard in Resources */ = {isa = PBXBuildFile; fileRef = 05FCED4C1C047C8B00482EA2 /* Main.storyboard */; };
		05FCED501C047C8B00482EA2 /* Assets.xcassets in Resources */ = {isa = PBXBuildFile; fileRef = 05FCED4F1C047C8B00482EA2 /* Assets.xcassets */; };
		05FCED531C047C8B00482EA2 /* LaunchScreen.storyboard in Resources */ = {isa = PBXBuildFile; fileRef = 05FCED511C047C8B00482EA2 /* LaunchScreen.storyboard */; };
		05FCED5E1C047C8B00482EA2 /* LunchPlanTests.swift in Sources */ = {isa = PBXBuildFile; fileRef = 05FCED5D1C047C8B00482EA2 /* LunchPlanTests.swift */; };
		05FCED691C047C8B00482EA2 /* LunchPlanUITests.swift in Sources */ = {isa = PBXBuildFile; fileRef = 05FCED681C047C8B00482EA2 /* LunchPlanUITests.swift */; };
		05FCED771C047CDC00482EA2 /* StartscreenViewController.swift in Sources */ = {isa = PBXBuildFile; fileRef = 05FCED761C047CDC00482EA2 /* StartscreenViewController.swift */; };
/* End PBXBuildFile section */

/* Begin PBXContainerItemProxy section */
		05FCED5A1C047C8B00482EA2 /* PBXContainerItemProxy */ = {
			isa = PBXContainerItemProxy;
			containerPortal = 05FCED3D1C047C8A00482EA2 /* Project object */;
			proxyType = 1;
			remoteGlobalIDString = 05FCED441C047C8B00482EA2;
			remoteInfo = LunchPlan;
		};
		05FCED651C047C8B00482EA2 /* PBXContainerItemProxy */ = {
			isa = PBXContainerItemProxy;
			containerPortal = 05FCED3D1C047C8A00482EA2 /* Project object */;
			proxyType = 1;
			remoteGlobalIDString = 05FCED441C047C8B00482EA2;
			remoteInfo = LunchPlan;
		};
/* End PBXContainerItemProxy section */

/* Begin PBXFileReference section */
		058877751C04849100FEE592 /* ShopTableViewCell.swift */ = {isa = PBXFileReference; fileEncoding = 4; lastKnownFileType = sourcecode.swift; name = ShopTableViewCell.swift; path = UI/ShopTableViewCell.swift; sourceTree = "<group>"; };
		058877771C048AE400FEE592 /* MenuViewController.swift */ = {isa = PBXFileReference; fileEncoding = 4; lastKnownFileType = sourcecode.swift; name = MenuViewController.swift; path = UI/MenuViewController.swift; sourceTree = "<group>"; };
		058877791C048B4500FEE592 /* MenuTableViewCell.swift */ = {isa = PBXFileReference; fileEncoding = 4; lastKnownFileType = sourcecode.swift; name = MenuTableViewCell.swift; path = UI/MenuTableViewCell.swift; sourceTree = "<group>"; };
		0588777C1C048C4D00FEE592 /* Shop.swift */ = {isa = PBXFileReference; fileEncoding = 4; lastKnownFileType = sourcecode.swift; name = Shop.swift; path = DataModels/Shop.swift; sourceTree = "<group>"; };
		0588777E1C048D4A00FEE592 /* MenuItem.swift */ = {isa = PBXFileReference; fileEncoding = 4; lastKnownFileType = sourcecode.swift; name = MenuItem.swift; path = DataModels/MenuItem.swift; sourceTree = "<group>"; };
		058877801C0490FC00FEE592 /* FavoritesViewController.swift */ = {isa = PBXFileReference; fileEncoding = 4; lastKnownFileType = sourcecode.swift; name = FavoritesViewController.swift; path = UI/FavoritesViewController.swift; sourceTree = "<group>"; };
		058877821C04912800FEE592 /* FavoritesTableViewCell.swift */ = {isa = PBXFileReference; fileEncoding = 4; lastKnownFileType = sourcecode.swift; name = FavoritesTableViewCell.swift; path = UI/FavoritesTableViewCell.swift; sourceTree = "<group>"; };
		058877881C04A4A200FEE592 /* MenuCustomizationViewController.swift */ = {isa = PBXFileReference; fileEncoding = 4; lastKnownFileType = sourcecode.swift; name = MenuCustomizationViewController.swift; path = UI/MenuCustomizationViewController.swift; sourceTree = "<group>"; };
		05FCED451C047C8B00482EA2 /* LunchPlan.app */ = {isa = PBXFileReference; explicitFileType = wrapper.application; includeInIndex = 0; path = LunchPlan.app; sourceTree = BUILT_PRODUCTS_DIR; };
		05FCED481C047C8B00482EA2 /* AppDelegate.swift */ = {isa = PBXFileReference; lastKnownFileType = sourcecode.swift; path = AppDelegate.swift; sourceTree = "<group>"; };
		05FCED4D1C047C8B00482EA2 /* Base */ = {isa = PBXFileReference; lastKnownFileType = file.storyboard; name = Base; path = Base.lproj/Main.storyboard; sourceTree = "<group>"; };
		05FCED4F1C047C8B00482EA2 /* Assets.xcassets */ = {isa = PBXFileReference; lastKnownFileType = folder.assetcatalog; path = Assets.xcassets; sourceTree = "<group>"; };
		05FCED521C047C8B00482EA2 /* Base */ = {isa = PBXFileReference; lastKnownFileType = file.storyboard; name = Base; path = Base.lproj/LaunchScreen.storyboard; sourceTree = "<group>"; };
		05FCED541C047C8B00482EA2 /* Info.plist */ = {isa = PBXFileReference; lastKnownFileType = text.plist.xml; path = Info.plist; sourceTree = "<group>"; };
		05FCED591C047C8B00482EA2 /* LunchPlanTests.xctest */ = {isa = PBXFileReference; explicitFileType = wrapper.cfbundle; includeInIndex = 0; path = LunchPlanTests.xctest; sourceTree = BUILT_PRODUCTS_DIR; };
		05FCED5D1C047C8B00482EA2 /* LunchPlanTests.swift */ = {isa = PBXFileReference; lastKnownFileType = sourcecode.swift; path = LunchPlanTests.swift; sourceTree = "<group>"; };
		05FCED5F1C047C8B00482EA2 /* Info.plist */ = {isa = PBXFileReference; lastKnownFileType = text.plist.xml; path = Info.plist; sourceTree = "<group>"; };
		05FCED641C047C8B00482EA2 /* LunchPlanUITests.xctest */ = {isa = PBXFileReference; explicitFileType = wrapper.cfbundle; includeInIndex = 0; path = LunchPlanUITests.xctest; sourceTree = BUILT_PRODUCTS_DIR; };
		05FCED681C047C8B00482EA2 /* LunchPlanUITests.swift */ = {isa = PBXFileReference; lastKnownFileType = sourcecode.swift; path = LunchPlanUITests.swift; sourceTree = "<group>"; };
		05FCED6A1C047C8B00482EA2 /* Info.plist */ = {isa = PBXFileReference; lastKnownFileType = text.plist.xml; path = Info.plist; sourceTree = "<group>"; };
		05FCED761C047CDC00482EA2 /* StartscreenViewController.swift */ = {isa = PBXFileReference; fileEncoding = 4; lastKnownFileType = sourcecode.swift; name = StartscreenViewController.swift; path = UI/StartscreenViewController.swift; sourceTree = "<group>"; };
/* End PBXFileReference section */

/* Begin PBXFrameworksBuildPhase section */
		05FCED421C047C8B00482EA2 /* Frameworks */ = {
			isa = PBXFrameworksBuildPhase;
			buildActionMask = 2147483647;
			files = (
			);
			runOnlyForDeploymentPostprocessing = 0;
		};
		05FCED561C047C8B00482EA2 /* Frameworks */ = {
			isa = PBXFrameworksBuildPhase;
			buildActionMask = 2147483647;
			files = (
			);
			runOnlyForDeploymentPostprocessing = 0;
		};
		05FCED611C047C8B00482EA2 /* Frameworks */ = {
			isa = PBXFrameworksBuildPhase;
			buildActionMask = 2147483647;
			files = (
			);
			runOnlyForDeploymentPostprocessing = 0;
		};
/* End PBXFrameworksBuildPhase section */

/* Begin PBXGroup section */
		0588777B1C048C3500FEE592 /* Data Models */ = {
			isa = PBXGroup;
			children = (
				0588777C1C048C4D00FEE592 /* Shop.swift */,
				0588777E1C048D4A00FEE592 /* MenuItem.swift */,
			);
			name = "Data Models";
			sourceTree = "<group>";
		};
		058877841C04912D00FEE592 /* UI */ = {
			isa = PBXGroup;
			children = (
				058877871C04915A00FEE592 /* Favorites */,
				058877861C04914B00FEE592 /* Menu Selection */,
				058877851C04913B00FEE592 /* Shop Selection */,
				0588778A1C04A4B900FEE592 /* MenuCustomization */,
			);
			name = UI;
			sourceTree = "<group>";
		};
		058877851C04913B00FEE592 /* Shop Selection */ = {
			isa = PBXGroup;
			children = (
				05FCED761C047CDC00482EA2 /* StartscreenViewController.swift */,
				058877751C04849100FEE592 /* ShopTableViewCell.swift */,
			);
			name = "Shop Selection";
			sourceTree = "<group>";
		};
		058877861C04914B00FEE592 /* Menu Selection */ = {
			isa = PBXGroup;
			children = (
				058877771C048AE400FEE592 /* MenuViewController.swift */,
				058877791C048B4500FEE592 /* MenuTableViewCell.swift */,
			);
			name = "Menu Selection";
			sourceTree = "<group>";
		};
		058877871C04915A00FEE592 /* Favorites */ = {
			isa = PBXGroup;
			children = (
				058877801C0490FC00FEE592 /* FavoritesViewController.swift */,
				058877821C04912800FEE592 /* FavoritesTableViewCell.swift */,
			);
			name = Favorites;
			sourceTree = "<group>";
		};
		0588778A1C04A4B900FEE592 /* MenuCustomization */ = {
			isa = PBXGroup;
			children = (
				058877881C04A4A200FEE592 /* MenuCustomizationViewController.swift */,
			);
			name = MenuCustomization;
			sourceTree = "<group>";
		};
		05FCED3C1C047C8A00482EA2 = {
			isa = PBXGroup;
			children = (
				05FCED471C047C8B00482EA2 /* LunchPlan */,
				05FCED5C1C047C8B00482EA2 /* LunchPlanTests */,
				05FCED671C047C8B00482EA2 /* LunchPlanUITests */,
				05FCED461C047C8B00482EA2 /* Products */,
			);
			sourceTree = "<group>";
		};
		05FCED461C047C8B00482EA2 /* Products */ = {
			isa = PBXGroup;
			children = (
				05FCED451C047C8B00482EA2 /* LunchPlan.app */,
				05FCED591C047C8B00482EA2 /* LunchPlanTests.xctest */,
				05FCED641C047C8B00482EA2 /* LunchPlanUITests.xctest */,
			);
			name = Products;
			sourceTree = "<group>";
		};
		05FCED471C047C8B00482EA2 /* LunchPlan */ = {
			isa = PBXGroup;
			children = (
				058877841C04912D00FEE592 /* UI */,
				0588777B1C048C3500FEE592 /* Data Models */,
				05FCED481C047C8B00482EA2 /* AppDelegate.swift */,
				05FCED4C1C047C8B00482EA2 /* Main.storyboard */,
				05FCED4F1C047C8B00482EA2 /* Assets.xcassets */,
				05FCED511C047C8B00482EA2 /* LaunchScreen.storyboard */,
				05FCED541C047C8B00482EA2 /* Info.plist */,
			);
			path = LunchPlan;
			sourceTree = "<group>";
		};
		05FCED5C1C047C8B00482EA2 /* LunchPlanTests */ = {
			isa = PBXGroup;
			children = (
				05FCED5D1C047C8B00482EA2 /* LunchPlanTests.swift */,
				05FCED5F1C047C8B00482EA2 /* Info.plist */,
			);
			path = LunchPlanTests;
			sourceTree = "<group>";
		};
		05FCED671C047C8B00482EA2 /* LunchPlanUITests */ = {
			isa = PBXGroup;
			children = (
				05FCED681C047C8B00482EA2 /* LunchPlanUITests.swift */,
				05FCED6A1C047C8B00482EA2 /* Info.plist */,
			);
			path = LunchPlanUITests;
			sourceTree = "<group>";
		};
/* End PBXGroup section */

/* Begin PBXNativeTarget section */
		05FCED441C047C8B00482EA2 /* LunchPlan */ = {
			isa = PBXNativeTarget;
			buildConfigurationList = 05FCED6D1C047C8B00482EA2 /* Build configuration list for PBXNativeTarget "LunchPlan" */;
			buildPhases = (
				05FCED411C047C8B00482EA2 /* Sources */,
				05FCED421C047C8B00482EA2 /* Frameworks */,
				05FCED431C047C8B00482EA2 /* Resources */,
			);
			buildRules = (
			);
			dependencies = (
			);
			name = LunchPlan;
			productName = LunchPlan;
			productReference = 05FCED451C047C8B00482EA2 /* LunchPlan.app */;
			productType = "com.apple.product-type.application";
		};
		05FCED581C047C8B00482EA2 /* LunchPlanTests */ = {
			isa = PBXNativeTarget;
			buildConfigurationList = 05FCED701C047C8B00482EA2 /* Build configuration list for PBXNativeTarget "LunchPlanTests" */;
			buildPhases = (
				05FCED551C047C8B00482EA2 /* Sources */,
				05FCED561C047C8B00482EA2 /* Frameworks */,
				05FCED571C047C8B00482EA2 /* Resources */,
			);
			buildRules = (
			);
			dependencies = (
				05FCED5B1C047C8B00482EA2 /* PBXTargetDependency */,
			);
			name = LunchPlanTests;
			productName = LunchPlanTests;
			productReference = 05FCED591C047C8B00482EA2 /* LunchPlanTests.xctest */;
			productType = "com.apple.product-type.bundle.unit-test";
		};
		05FCED631C047C8B00482EA2 /* LunchPlanUITests */ = {
			isa = PBXNativeTarget;
			buildConfigurationList = 05FCED731C047C8B00482EA2 /* Build configuration list for PBXNativeTarget "LunchPlanUITests" */;
			buildPhases = (
				05FCED601C047C8B00482EA2 /* Sources */,
				05FCED611C047C8B00482EA2 /* Frameworks */,
				05FCED621C047C8B00482EA2 /* Resources */,
			);
			buildRules = (
			);
			dependencies = (
				05FCED661C047C8B00482EA2 /* PBXTargetDependency */,
			);
			name = LunchPlanUITests;
			productName = LunchPlanUITests;
			productReference = 05FCED641C047C8B00482EA2 /* LunchPlanUITests.xctest */;
			productType = "com.apple.product-type.bundle.ui-testing";
		};
/* End PBXNativeTarget section */

/* Begin PBXProject section */
		05FCED3D1C047C8A00482EA2 /* Project object */ = {
			isa = PBXProject;
			attributes = {
				LastSwiftUpdateCheck = 0710;
				LastUpgradeCheck = 0710;
				ORGANIZATIONNAME = LunchPlan;
				TargetAttributes = {
					05FCED441C047C8B00482EA2 = {
						CreatedOnToolsVersion = 7.1.1;
						DevelopmentTeam = 8X7M7V866E;
					};
					05FCED581C047C8B00482EA2 = {
						CreatedOnToolsVersion = 7.1.1;
						TestTargetID = 05FCED441C047C8B00482EA2;
					};
					05FCED631C047C8B00482EA2 = {
						CreatedOnToolsVersion = 7.1.1;
						TestTargetID = 05FCED441C047C8B00482EA2;
					};
				};
			};
			buildConfigurationList = 05FCED401C047C8B00482EA2 /* Build configuration list for PBXProject "LunchPlan" */;
			compatibilityVersion = "Xcode 3.2";
			developmentRegion = English;
			hasScannedForEncodings = 0;
			knownRegions = (
				en,
				Base,
			);
			mainGroup = 05FCED3C1C047C8A00482EA2;
			productRefGroup = 05FCED461C047C8B00482EA2 /* Products */;
			projectDirPath = "";
			projectRoot = "";
			targets = (
				05FCED441C047C8B00482EA2 /* LunchPlan */,
				05FCED581C047C8B00482EA2 /* LunchPlanTests */,
				05FCED631C047C8B00482EA2 /* LunchPlanUITests */,
			);
		};
/* End PBXProject section */

/* Begin PBXResourcesBuildPhase section */
		05FCED431C047C8B00482EA2 /* Resources */ = {
			isa = PBXResourcesBuildPhase;
			buildActionMask = 2147483647;
			files = (
				05FCED531C047C8B00482EA2 /* LaunchScreen.storyboard in Resources */,
				05FCED501C047C8B00482EA2 /* Assets.xcassets in Resources */,
				05FCED4E1C047C8B00482EA2 /* Main.storyboard in Resources */,
			);
			runOnlyForDeploymentPostprocessing = 0;
		};
		05FCED571C047C8B00482EA2 /* Resources */ = {
			isa = PBXResourcesBuildPhase;
			buildActionMask = 2147483647;
			files = (
			);
			runOnlyForDeploymentPostprocessing = 0;
		};
		05FCED621C047C8B00482EA2 /* Resources */ = {
			isa = PBXResourcesBuildPhase;
			buildActionMask = 2147483647;
			files = (
			);
			runOnlyForDeploymentPostprocessing = 0;
		};
/* End PBXResourcesBuildPhase section */

/* Begin PBXSourcesBuildPhase section */
		05FCED411C047C8B00482EA2 /* Sources */ = {
			isa = PBXSourcesBuildPhase;
			buildActionMask = 2147483647;
			files = (
				058877831C04912800FEE592 /* FavoritesTableViewCell.swift in Sources */,
				058877761C04849100FEE592 /* ShopTableViewCell.swift in Sources */,
				058877781C048AE400FEE592 /* MenuViewController.swift in Sources */,
				0588777A1C048B4500FEE592 /* MenuTableViewCell.swift in Sources */,
				05FCED771C047CDC00482EA2 /* StartscreenViewController.swift in Sources */,
				05FCED491C047C8B00482EA2 /* AppDelegate.swift in Sources */,
				0588777F1C048D4A00FEE592 /* MenuItem.swift in Sources */,
				058877811C0490FC00FEE592 /* FavoritesViewController.swift in Sources */,
				0588777D1C048C4D00FEE592 /* Shop.swift in Sources */,
				058877891C04A4A200FEE592 /* MenuCustomizationViewController.swift in Sources */,
			);
			runOnlyForDeploymentPostprocessing = 0;
		};
		05FCED551C047C8B00482EA2 /* Sources */ = {
			isa = PBXSourcesBuildPhase;
			buildActionMask = 2147483647;
			files = (
				05FCED5E1C047C8B00482EA2 /* LunchPlanTests.swift in Sources */,
			);
			runOnlyForDeploymentPostprocessing = 0;
		};
		05FCED601C047C8B00482EA2 /* Sources */ = {
			isa = PBXSourcesBuildPhase;
			buildActionMask = 2147483647;
			files = (
				05FCED691C047C8B00482EA2 /* LunchPlanUITests.swift in Sources */,
			);
			runOnlyForDeploymentPostprocessing = 0;
		};
/* End PBXSourcesBuildPhase section */

/* Begin PBXTargetDependency section */
		05FCED5B1C047C8B00482EA2 /* PBXTargetDependency */ = {
			isa = PBXTargetDependency;
			target = 05FCED441C047C8B00482EA2 /* LunchPlan */;
			targetProxy = 05FCED5A1C047C8B00482EA2 /* PBXContainerItemProxy */;
		};
		05FCED661C047C8B00482EA2 /* PBXTargetDependency */ = {
			isa = PBXTargetDependency;
			target = 05FCED441C047C8B00482EA2 /* LunchPlan */;
			targetProxy = 05FCED651C047C8B00482EA2 /* PBXContainerItemProxy */;
		};
/* End PBXTargetDependency section */

/* Begin PBXVariantGroup section */
		05FCED4C1C047C8B00482EA2 /* Main.storyboard */ = {
			isa = PBXVariantGroup;
			children = (
				05FCED4D1C047C8B00482EA2 /* Base */,
			);
			name = Main.storyboard;
			sourceTree = "<group>";
		};
		05FCED511C047C8B00482EA2 /* LaunchScreen.storyboard */ = {
			isa = PBXVariantGroup;
			children = (
				05FCED521C047C8B00482EA2 /* Base */,
			);
			name = LaunchScreen.storyboard;
			sourceTree = "<group>";
		};
/* End PBXVariantGroup section */

/* Begin XCBuildConfiguration section */
		05FCED6B1C047C8B00482EA2 /* Debug */ = {
			isa = XCBuildConfiguration;
			buildSettings = {
				ALWAYS_SEARCH_USER_PATHS = NO;
				CLANG_CXX_LANGUAGE_STANDARD = "gnu++0x";
				CLANG_CXX_LIBRARY = "libc++";
				CLANG_ENABLE_MODULES = YES;
				CLANG_ENABLE_OBJC_ARC = YES;
				CLANG_WARN_BOOL_CONVERSION = YES;
				CLANG_WARN_CONSTANT_CONVERSION = YES;
				CLANG_WARN_DIRECT_OBJC_ISA_USAGE = YES_ERROR;
				CLANG_WARN_EMPTY_BODY = YES;
				CLANG_WARN_ENUM_CONVERSION = YES;
				CLANG_WARN_INT_CONVERSION = YES;
				CLANG_WARN_OBJC_ROOT_CLASS = YES_ERROR;
				CLANG_WARN_UNREACHABLE_CODE = YES;
				CLANG_WARN__DUPLICATE_METHOD_MATCH = YES;
				"CODE_SIGN_IDENTITY[sdk=iphoneos*]" = "iPhone Developer";
				COPY_PHASE_STRIP = NO;
				DEBUG_INFORMATION_FORMAT = dwarf;
				ENABLE_STRICT_OBJC_MSGSEND = YES;
				ENABLE_TESTABILITY = YES;
				GCC_C_LANGUAGE_STANDARD = gnu99;
				GCC_DYNAMIC_NO_PIC = NO;
				GCC_NO_COMMON_BLOCKS = YES;
				GCC_OPTIMIZATION_LEVEL = 0;
				GCC_PREPROCESSOR_DEFINITIONS = (
					"DEBUG=1",
					"$(inherited)",
				);
				GCC_WARN_64_TO_32_BIT_CONVERSION = YES;
				GCC_WARN_ABOUT_RETURN_TYPE = YES_ERROR;
				GCC_WARN_UNDECLARED_SELECTOR = YES;
				GCC_WARN_UNINITIALIZED_AUTOS = YES_AGGRESSIVE;
				GCC_WARN_UNUSED_FUNCTION = YES;
				GCC_WARN_UNUSED_VARIABLE = YES;
				IPHONEOS_DEPLOYMENT_TARGET = 9.1;
				MTL_ENABLE_DEBUG_INFO = YES;
				ONLY_ACTIVE_ARCH = YES;
				SDKROOT = iphoneos;
				SWIFT_OPTIMIZATION_LEVEL = "-Onone";
			};
			name = Debug;
		};
		05FCED6C1C047C8B00482EA2 /* Release */ = {
			isa = XCBuildConfiguration;
			buildSettings = {
				ALWAYS_SEARCH_USER_PATHS = NO;
				CLANG_CXX_LANGUAGE_STANDARD = "gnu++0x";
				CLANG_CXX_LIBRARY = "libc++";
				CLANG_ENABLE_MODULES = YES;
				CLANG_ENABLE_OBJC_ARC = YES;
				CLANG_WARN_BOOL_CONVERSION = YES;
				CLANG_WARN_CONSTANT_CONVERSION = YES;
				CLANG_WARN_DIRECT_OBJC_ISA_USAGE = YES_ERROR;
				CLANG_WARN_EMPTY_BODY = YES;
				CLANG_WARN_ENUM_CONVERSION = YES;
				CLANG_WARN_INT_CONVERSION = YES;
				CLANG_WARN_OBJC_ROOT_CLASS = YES_ERROR;
				CLANG_WARN_UNREACHABLE_CODE = YES;
				CLANG_WARN__DUPLICATE_METHOD_MATCH = YES;
				"CODE_SIGN_IDENTITY[sdk=iphoneos*]" = "iPhone Developer";
				COPY_PHASE_STRIP = NO;
				DEBUG_INFORMATION_FORMAT = "dwarf-with-dsym";
				ENABLE_NS_ASSERTIONS = NO;
				ENABLE_STRICT_OBJC_MSGSEND = YES;
				GCC_C_LANGUAGE_STANDARD = gnu99;
				GCC_NO_COMMON_BLOCKS = YES;
				GCC_WARN_64_TO_32_BIT_CONVERSION = YES;
				GCC_WARN_ABOUT_RETURN_TYPE = YES_ERROR;
				GCC_WARN_UNDECLARED_SELECTOR = YES;
				GCC_WARN_UNINITIALIZED_AUTOS = YES_AGGRESSIVE;
				GCC_WARN_UNUSED_FUNCTION = YES;
				GCC_WARN_UNUSED_VARIABLE = YES;
				IPHONEOS_DEPLOYMENT_TARGET = 9.1;
				MTL_ENABLE_DEBUG_INFO = NO;
				SDKROOT = iphoneos;
				VALIDATE_PRODUCT = YES;
			};
			name = Release;
		};
		05FCED6E1C047C8B00482EA2 /* Debug */ = {
			isa = XCBuildConfiguration;
			buildSettings = {
				ASSETCATALOG_COMPILER_APPICON_NAME = AppIcon;
				CODE_SIGN_IDENTITY = "iPhone Developer";
				INFOPLIST_FILE = LunchPlan/Info.plist;
				LD_RUNPATH_SEARCH_PATHS = "$(inherited) @executable_path/Frameworks";
				PRODUCT_BUNDLE_IDENTIFIER = com.LunchPlan.LunchPlan;
				PRODUCT_NAME = "$(TARGET_NAME)";
			};
			name = Debug;
		};
		05FCED6F1C047C8B00482EA2 /* Release */ = {
			isa = XCBuildConfiguration;
			buildSettings = {
				ASSETCATALOG_COMPILER_APPICON_NAME = AppIcon;
				CODE_SIGN_IDENTITY = "iPhone Developer";
				INFOPLIST_FILE = LunchPlan/Info.plist;
				LD_RUNPATH_SEARCH_PATHS = "$(inherited) @executable_path/Frameworks";
				PRODUCT_BUNDLE_IDENTIFIER = com.LunchPlan.LunchPlan;
				PRODUCT_NAME = "$(TARGET_NAME)";
			};
			name = Release;
		};
		05FCED711C047C8B00482EA2 /* Debug */ = {
			isa = XCBuildConfiguration;
			buildSettings = {
				BUNDLE_LOADER = "$(TEST_HOST)";
				INFOPLIST_FILE = LunchPlanTests/Info.plist;
				LD_RUNPATH_SEARCH_PATHS = "$(inherited) @executable_path/Frameworks @loader_path/Frameworks";
				PRODUCT_BUNDLE_IDENTIFIER = com.LunchPlan.LunchPlanTests;
				PRODUCT_NAME = "$(TARGET_NAME)";
				TEST_HOST = "$(BUILT_PRODUCTS_DIR)/LunchPlan.app/LunchPlan";
			};
			name = Debug;
		};
		05FCED721C047C8B00482EA2 /* Release */ = {
			isa = XCBuildConfiguration;
			buildSettings = {
				BUNDLE_LOADER = "$(TEST_HOST)";
				INFOPLIST_FILE = LunchPlanTests/Info.plist;
				LD_RUNPATH_SEARCH_PATHS = "$(inherited) @executable_path/Frameworks @loader_path/Frameworks";
				PRODUCT_BUNDLE_IDENTIFIER = com.LunchPlan.LunchPlanTests;
				PRODUCT_NAME = "$(TARGET_NAME)";
				TEST_HOST = "$(BUILT_PRODUCTS_DIR)/LunchPlan.app/LunchPlan";
			};
			name = Release;
		};
		05FCED741C047C8B00482EA2 /* Debug */ = {
			isa = XCBuildConfiguration;
			buildSettings = {
				INFOPLIST_FILE = LunchPlanUITests/Info.plist;
				LD_RUNPATH_SEARCH_PATHS = "$(inherited) @executable_path/Frameworks @loader_path/Frameworks";
				PRODUCT_BUNDLE_IDENTIFIER = com.LunchPlan.LunchPlanUITests;
				PRODUCT_NAME = "$(TARGET_NAME)";
				TEST_TARGET_NAME = LunchPlan;
				USES_XCTRUNNER = YES;
			};
			name = Debug;
		};
		05FCED751C047C8B00482EA2 /* Release */ = {
			isa = XCBuildConfiguration;
			buildSettings = {
				INFOPLIST_FILE = LunchPlanUITests/Info.plist;
				LD_RUNPATH_SEARCH_PATHS = "$(inherited) @executable_path/Frameworks @loader_path/Frameworks";
				PRODUCT_BUNDLE_IDENTIFIER = com.LunchPlan.LunchPlanUITests;
				PRODUCT_NAME = "$(TARGET_NAME)";
				TEST_TARGET_NAME = LunchPlan;
				USES_XCTRUNNER = YES;
			};
			name = Release;
		};
/* End XCBuildConfiguration section */

/* Begin XCConfigurationList section */
		05FCED401C047C8B00482EA2 /* Build configuration list for PBXProject "LunchPlan" */ = {
			isa = XCConfigurationList;
			buildConfigurations = (
				05FCED6B1C047C8B00482EA2 /* Debug */,
				05FCED6C1C047C8B00482EA2 /* Release */,
			);
			defaultConfigurationIsVisible = 0;
			defaultConfigurationName = Release;
		};
		05FCED6D1C047C8B00482EA2 /* Build configuration list for PBXNativeTarget "LunchPlan" */ = {
			isa = XCConfigurationList;
			buildConfigurations = (
				05FCED6E1C047C8B00482EA2 /* Debug */,
				05FCED6F1C047C8B00482EA2 /* Release */,
			);
			defaultConfigurationIsVisible = 0;
			defaultConfigurationName = Release;
		};
		05FCED701C047C8B00482EA2 /* Build configuration list for PBXNativeTarget "LunchPlanTests" */ = {
			isa = XCConfigurationList;
			buildConfigurations = (
				05FCED711C047C8B00482EA2 /* Debug */,
				05FCED721C047C8B00482EA2 /* Release */,
			);
			defaultConfigurationIsVisible = 0;
			defaultConfigurationName = Release;
		};
		05FCED731C047C8B00482EA2 /* Build configuration list for PBXNativeTarget "LunchPlanUITests" */ = {
			isa = XCConfigurationList;
			buildConfigurations = (
				05FCED741C047C8B00482EA2 /* Debug */,
				05FCED751C047C8B00482EA2 /* Release */,
			);
			defaultConfigurationIsVisible = 0;
			defaultConfigurationName = Release;
		};
/* End XCConfigurationList section */
	};
	rootObject = 05FCED3D1C047C8A00482EA2 /* Project object */;
}
